
Microsoft Visual Studio Solution File, Format Version 12.00
# Visual Studio Version 16
VisualStudioVersion = 25.0.1704.2
MinimumVisualStudioVersion = 10.0.40219.1
Project("{FAE04EC0-301F-11D3-BF4B-00C04F79EFBC}") = "OxCAN", "OxCAN\OxCAN.csproj", "{328EA100-921D-4988-8D30-F7A7C94F54C3}"
EndProject
Global
	GlobalSection(SolutionConfigurationPlatforms) = preSolution
		Debug|Any CPU = Debug|Any CPU
		Release|Any CPU = Release|Any CPU
	EndGlobalSection
	GlobalSection(ProjectConfigurationPlatforms) = postSolution
		{328EA100-921D-4988-8D30-F7A7C94F54C3}.Debug|Any CPU.ActiveCfg = Debug|Any CPU
		{328EA100-921D-4988-8D30-F7A7C94F54C3}.Debug|Any CPU.Build.0 = Debug|Any CPU
		{328EA100-921D-4988-8D30-F7A7C94F54C3}.Release|Any CPU.ActiveCfg = Release|Any CPU
		{328EA100-921D-4988-8D30-F7A7C94F54C3}.Release|Any CPU.Build.0 = Release|Any CPU
	EndGlobalSection
	GlobalSection(SolutionProperties) = preSolution
		HideSolutionNode = FALSE
	EndGlobalSection
	GlobalSection(ExtensibilityGlobals) = postSolution
		SolutionGuid = {FF1BF8F8-EE73-4EAC-AB59-E6CABE17370A}
	EndGlobalSection
EndGlobal
