
Microsoft Visual Studio Solution File, Format Version 12.00
# Visual Studio Version 16
VisualStudioVersion = 25.0.1704.2
MinimumVisualStudioVersion = 10.0.40219.1
Project("{FAE04EC0-301F-11D3-BF4B-00C04F79EFBC}") = "OxCAN.Server", "OxCAN\Server\OxCAN.Server.csproj", "{55877BFE-9287-4A30-A8A3-CA83FA437C5D}"
EndProject
Project("{FAE04EC0-301F-11D3-BF4B-00C04F79EFBC}") = "OxCAN.Client", "OxCAN\Client\OxCAN.Client.csproj", "{64B56112-0379-416D-AD92-810F2A807681}"
EndProject
Project("{FAE04EC0-301F-11D3-BF4B-00C04F79EFBC}") = "OxCAN.Shared", "OxCAN\Shared\OxCAN.Shared.csproj", "{968B87D9-3969-43CF-87F2-5C6A33F63D25}"
EndProject
Global
	GlobalSection(SolutionConfigurationPlatforms) = preSolution
		Debug|Any CPU = Debug|Any CPU
		Release|Any CPU = Release|Any CPU
	EndGlobalSection
	GlobalSection(ProjectConfigurationPlatforms) = postSolution
		{55877BFE-9287-4A30-A8A3-CA83FA437C5D}.Debug|Any CPU.ActiveCfg = Debug|Any CPU
		{55877BFE-9287-4A30-A8A3-CA83FA437C5D}.Debug|Any CPU.Build.0 = Debug|Any CPU
		{55877BFE-9287-4A30-A8A3-CA83FA437C5D}.Release|Any CPU.ActiveCfg = Release|Any CPU
		{55877BFE-9287-4A30-A8A3-CA83FA437C5D}.Release|Any CPU.Build.0 = Release|Any CPU
		{64B56112-0379-416D-AD92-810F2A807681}.Debug|Any CPU.ActiveCfg = Debug|Any CPU
		{64B56112-0379-416D-AD92-810F2A807681}.Debug|Any CPU.Build.0 = Debug|Any CPU
		{64B56112-0379-416D-AD92-810F2A807681}.Release|Any CPU.ActiveCfg = Release|Any CPU
		{64B56112-0379-416D-AD92-810F2A807681}.Release|Any CPU.Build.0 = Release|Any CPU
		{968B87D9-3969-43CF-87F2-5C6A33F63D25}.Debug|Any CPU.ActiveCfg = Debug|Any CPU
		{968B87D9-3969-43CF-87F2-5C6A33F63D25}.Debug|Any CPU.Build.0 = Debug|Any CPU
		{968B87D9-3969-43CF-87F2-5C6A33F63D25}.Release|Any CPU.ActiveCfg = Release|Any CPU
		{968B87D9-3969-43CF-87F2-5C6A33F63D25}.Release|Any CPU.Build.0 = Release|Any CPU
	EndGlobalSection
	GlobalSection(SolutionProperties) = preSolution
		HideSolutionNode = FALSE
	EndGlobalSection
	GlobalSection(ExtensibilityGlobals) = postSolution
		SolutionGuid = {FF1BF8F8-EE73-4EAC-AB59-E6CABE17370A}
	EndGlobalSection
EndGlobal
